{
  "name": "workspex-styles",
  "version": "1.0.0",
  "lockfileVersion": 1,
  "requires": true,
  "dependencies": {
    "@angular/cdk": {
      "version": "5.2.5",
      "resolved": "https://registry.npmjs.org/@angular/cdk/-/cdk-5.2.5.tgz",
      "integrity": "sha512-GN8m1d+VcCE9+Bgwv06Y8YJKyZ0i9ZIq2ZPBcJYt+KVgnVVRg4JkyUNxud07LNsvzOX22DquHqmIZiC4hAG7Ag==",
      "requires": {
        "tslib": "1.9.0"
      }
    },
    "@angular/material": {
      "version": "5.2.5",
      "resolved": "https://registry.npmjs.org/@angular/material/-/material-5.2.5.tgz",
      "integrity": "sha512-IltfBeTJWnmZehOQNQ7KoFs7MGWuZTe0g21hIitGkusVNt1cIoTD24xKH5jwztjH19c04IgiwonpurMKM6pBCQ==",
      "requires": {
        "tslib": "1.9.0"
      }
    },
    "atoa": {
      "version": "1.0.0",
      "resolved": "https://registry.npmjs.org/atoa/-/atoa-1.0.0.tgz",
      "integrity": "sha1-DMDpGkgOc4+SPrwQNnZHF3mzSkk="
    },
    "bootstrap": {
      "version": "4.1.1",
      "resolved": "https://registry.npmjs.org/bootstrap/-/bootstrap-4.1.1.tgz",
      "integrity": "sha512-SpiDSOcbg4J/PjVSt4ny5eY6j74VbVSjROY4Fb/WIUXBV9cnb5luyR4KnPvNoXuGnBK1T+nJIWqRsvU3yP8Mcg=="
    },
    "contra": {
      "version": "1.9.4",
      "resolved": "https://registry.npmjs.org/contra/-/contra-1.9.4.tgz",
      "integrity": "sha1-9TveQtfltZhcrk2ZqNYQUm3o8o0=",
      "requires": {
        "atoa": "1.0.0",
        "ticky": "1.0.1"
      }
    },
    "crossvent": {
      "version": "1.5.4",
      "resolved": "https://registry.npmjs.org/crossvent/-/crossvent-1.5.4.tgz",
      "integrity": "sha1-2ixPj0DJR4JRe/K+7BBEFIGUq5I=",
      "requires": {
        "custom-event": "1.0.0"
      }
    },
    "custom-event": {
      "version": "1.0.0",
      "resolved": "https://registry.npmjs.org/custom-event/-/custom-event-1.0.0.tgz",
      "integrity": "sha1-LkYovhncSyFLXAJjDFlx6BFhgGI="
    },
    "dragula": {
      "version": "3.7.2",
      "resolved": "https://registry.npmjs.org/dragula/-/dragula-3.7.2.tgz",
      "integrity": "sha1-SjXJ05gf+sGpScKcpyhQWOhzk84=",
      "requires": {
        "contra": "1.9.4",
        "crossvent": "1.5.4"
      }
    },
    "font-awesome": {
      "version": "4.7.0",
      "resolved": "https://registry.npmjs.org/font-awesome/-/font-awesome-4.7.0.tgz",
      "integrity": "sha1-j6jPBBGhoxr9B7BtKQK7n8gVoTM="
    },
    "ngx-toastr": {
      "version": "8.4.0",
      "resolved": "https://registry.npmjs.org/ngx-toastr/-/ngx-toastr-8.4.0.tgz",
      "integrity": "sha512-vYNcOsMn76900tqnojvkMI/T7rqXN5e2OuWwcB6UOSO0S5QeHvIAKQI9ZbyHyW+2e08mW8gT7hbrii+Jy0umFw==",
      "requires": {
        "tslib": "1.9.0"
      }
    },
    "sass": {
      "version": "1.3.1",
      "resolved": "https://registry.npmjs.org/sass/-/sass-1.3.1.tgz",
      "integrity": "sha512-+7vyOsEIjss1oUWobiutQgvSCgQM8SOImmXnnzb6TDPppId0dqzymrso5otGkNLUtZ6MdqpxdryeNq2B95rbug=="
    },
    "ticky": {
      "version": "1.0.1",
      "resolved": "https://registry.npmjs.org/ticky/-/ticky-1.0.1.tgz",
      "integrity": "sha1-t8+nHnaPHJAAxJe5FRswlHxQ5G0="
    },
    "tslib": {
      "version": "1.9.0",
      "resolved": "https://registry.npmjs.org/tslib/-/tslib-1.9.0.tgz",
      "integrity": "sha512-f/qGG2tUkrISBlQZEjEqoZ3B2+npJjIf04H1wuAv9iA8i04Icp+61KRXxFdha22670NJopsZCIjhC3SnjPRKrQ=="
    }
  }
}
